
Microsoft Visual Studio Solution File, Format Version 12.00
# Visual Studio 15
VisualStudioVersion = 15.0.28307.421
MinimumVisualStudioVersion = 10.0.40219.1
Project("{8BC9CEB8-8B4A-11D0-8D11-00A0C91BC942}") = "Hello window", "Project1\Project1.vcxproj", "{AFD3393A-4917-465A-A501-BE4B57C5BFE0}"
EndProject
Global
	GlobalSection(SolutionConfigurationPlatforms) = preSolution
		Debug|x64 = Debug|x64
		Debug|x86 = Debug|x86
		Release|x64 = Release|x64
		Release|x86 = Release|x86
	EndGlobalSection
	GlobalSection(ProjectConfigurationPlatforms) = postSolution
		{AFD3393A-4917-465A-A501-BE4B57C5BFE0}.Debug|x64.ActiveCfg = Debug|x64
		{AFD3393A-4917-465A-A501-BE4B57C5BFE0}.Debug|x64.Build.0 = Debug|x64
		{AFD3393A-4917-465A-A501-BE4B57C5BFE0}.Debug|x86.ActiveCfg = Debug|Win32
		{AFD3393A-4917-465A-A501-BE4B57C5BFE0}.Debug|x86.Build.0 = Debug|Win32
		{AFD3393A-4917-465A-A501-BE4B57C5BFE0}.Release|x64.ActiveCfg = Release|x64
		{AFD3393A-4917-465A-A501-BE4B57C5BFE0}.Release|x64.Build.0 = Release|x64
		{AFD3393A-4917-465A-A501-BE4B57C5BFE0}.Release|x86.ActiveCfg = Release|Win32
		{AFD3393A-4917-465A-A501-BE4B57C5BFE0}.Release|x86.Build.0 = Release|Win32
	EndGlobalSection
	GlobalSection(SolutionProperties) = preSolution
		HideSolutionNode = FALSE
	EndGlobalSection
	GlobalSection(ExtensibilityGlobals) = postSolution
		SolutionGuid = {3DBD2141-56EA-44AE-8177-6AB6ACCEA965}
	EndGlobalSection
EndGlobal
